
Microsoft Visual Studio Solution File, Format Version 12.00
# Visual Studio Version 17
VisualStudioVersion = 17.13.35825.156 d17.13
MinimumVisualStudioVersion = 10.0.40219.1
Project("{FAE04EC0-301F-11D3-BF4B-00C04F79EFBC}") = "OrderManagementSystem.Web", "OrderManagementSystem.Web\OrderManagementSystem.Web.csproj", "{21FECE2A-41EE-415E-82EF-5C4DB695A52F}"
EndProject
Project("{FAE04EC0-301F-11D3-BF4B-00C04F79EFBC}") = "OrderManagementSystem.Application", "OrderManagementSystem.Application\OrderManagementSystem.Application.csproj", "{38F0E531-6A35-465A-9873-1A55D2B53058}"
EndProject
Project("{FAE04EC0-301F-11D3-BF4B-00C04F79EFBC}") = "OrderManagementSystem.Domain", "OrderManagementSystem.Domain\OrderManagementSystem.Domain.csproj", "{22596BB5-4FA4-445C-9D2C-61C5F1A69C9D}"
EndProject
Project("{FAE04EC0-301F-11D3-BF4B-00C04F79EFBC}") = "OrderManagementSystem.Infrastructure", "OrderManagementSystem.Infrastructure\OrderManagementSystem.Infrastructure.csproj", "{F2250A34-D5F3-484F-92CC-41F1CC29A4E2}"
EndProject
Global
	GlobalSection(SolutionConfigurationPlatforms) = preSolution
		Debug|Any CPU = Debug|Any CPU
		Release|Any CPU = Release|Any CPU
	EndGlobalSection
	GlobalSection(ProjectConfigurationPlatforms) = postSolution
		{21FECE2A-41EE-415E-82EF-5C4DB695A52F}.Debug|Any CPU.ActiveCfg = Debug|Any CPU
		{21FECE2A-41EE-415E-82EF-5C4DB695A52F}.Debug|Any CPU.Build.0 = Debug|Any CPU
		{21FECE2A-41EE-415E-82EF-5C4DB695A52F}.Release|Any CPU.ActiveCfg = Release|Any CPU
		{21FECE2A-41EE-415E-82EF-5C4DB695A52F}.Release|Any CPU.Build.0 = Release|Any CPU
		{38F0E531-6A35-465A-9873-1A55D2B53058}.Debug|Any CPU.ActiveCfg = Debug|Any CPU
		{38F0E531-6A35-465A-9873-1A55D2B53058}.Debug|Any CPU.Build.0 = Debug|Any CPU
		{38F0E531-6A35-465A-9873-1A55D2B53058}.Release|Any CPU.ActiveCfg = Release|Any CPU
		{38F0E531-6A35-465A-9873-1A55D2B53058}.Release|Any CPU.Build.0 = Release|Any CPU
		{22596BB5-4FA4-445C-9D2C-61C5F1A69C9D}.Debug|Any CPU.ActiveCfg = Debug|Any CPU
		{22596BB5-4FA4-445C-9D2C-61C5F1A69C9D}.Debug|Any CPU.Build.0 = Debug|Any CPU
		{22596BB5-4FA4-445C-9D2C-61C5F1A69C9D}.Release|Any CPU.ActiveCfg = Release|Any CPU
		{22596BB5-4FA4-445C-9D2C-61C5F1A69C9D}.Release|Any CPU.Build.0 = Release|Any CPU
		{F2250A34-D5F3-484F-92CC-41F1CC29A4E2}.Debug|Any CPU.ActiveCfg = Debug|Any CPU
		{F2250A34-D5F3-484F-92CC-41F1CC29A4E2}.Debug|Any CPU.Build.0 = Debug|Any CPU
		{F2250A34-D5F3-484F-92CC-41F1CC29A4E2}.Release|Any CPU.ActiveCfg = Release|Any CPU
		{F2250A34-D5F3-484F-92CC-41F1CC29A4E2}.Release|Any CPU.Build.0 = Release|Any CPU
	EndGlobalSection
	GlobalSection(SolutionProperties) = preSolution
		HideSolutionNode = FALSE
	EndGlobalSection
	GlobalSection(ExtensibilityGlobals) = postSolution
		SolutionGuid = {72820907-581D-40F8-86F8-5191B7F3E155}
	EndGlobalSection
EndGlobal
